// !$*UTF8*$!
{
	archiveVersion = 1;
	classes = {
	};
	objectVersion = 46;
	objects = {

/* Begin PBXBuildFile section */
		AA47DD481D6D19E80095DED4 /* AppDelegate.swift in Sources */ = {isa = PBXBuildFile; fileRef = AA47DD471D6D19E80095DED4 /* AppDelegate.swift */; };
		AA47DD4A1D6D19E80095DED4 /* ViewController.swift in Sources */ = {isa = PBXBuildFile; fileRef = AA47DD491D6D19E80095DED4 /* ViewController.swift */; };
		AA47DD4D1D6D19E80095DED4 /* Main.storyboard in Resources */ = {isa = PBXBuildFile; fileRef = AA47DD4B1D6D19E80095DED4 /* Main.storyboard */; };
		AA47DD4F1D6D19E80095DED4 /* Assets.xcassets in Resources */ = {isa = PBXBuildFile; fileRef = AA47DD4E1D6D19E80095DED4 /* Assets.xcassets */; };
		AA47DD521D6D19E80095DED4 /* LaunchScreen.storyboard in Resources */ = {isa = PBXBuildFile; fileRef = AA47DD501D6D19E80095DED4 /* LaunchScreen.storyboard */; };
		AA47DD5D1D6D19E80095DED4 /* Silly_Song__Swift_Tests.swift in Sources */ = {isa = PBXBuildFile; fileRef = AA47DD5C1D6D19E80095DED4 /* Silly_Song__Swift_Tests.swift */; };
		AA47DD681D6D19E80095DED4 /* Silly_Song__Swift_UITests.swift in Sources */ = {isa = PBXBuildFile; fileRef = AA47DD671D6D19E80095DED4 /* Silly_Song__Swift_UITests.swift */; };
/* End PBXBuildFile section */

/* Begin PBXContainerItemProxy section */
		AA47DD591D6D19E80095DED4 /* PBXContainerItemProxy */ = {
			isa = PBXContainerItemProxy;
			containerPortal = AA47DD3C1D6D19E80095DED4 /* Project object */;
			proxyType = 1;
			remoteGlobalIDString = AA47DD431D6D19E80095DED4;
			remoteInfo = "Silly Song (Swift)";
		};
		AA47DD641D6D19E80095DED4 /* PBXContainerItemProxy */ = {
			isa = PBXContainerItemProxy;
			containerPortal = AA47DD3C1D6D19E80095DED4 /* Project object */;
			proxyType = 1;
			remoteGlobalIDString = AA47DD431D6D19E80095DED4;
			remoteInfo = "Silly Song (Swift)";
		};
/* End PBXContainerItemProxy section */

/* Begin PBXFileReference section */
		AA47DD441D6D19E80095DED4 /* Silly Song (Swift).app */ = {isa = PBXFileReference; explicitFileType = wrapper.application; includeInIndex = 0; path = "Silly Song (Swift).app"; sourceTree = BUILT_PRODUCTS_DIR; };
		AA47DD471D6D19E80095DED4 /* AppDelegate.swift */ = {isa = PBXFileReference; lastKnownFileType = sourcecode.swift; path = AppDelegate.swift; sourceTree = "<group>"; };
		AA47DD491D6D19E80095DED4 /* ViewController.swift */ = {isa = PBXFileReference; lastKnownFileType = sourcecode.swift; path = ViewController.swift; sourceTree = "<group>"; };
		AA47DD4C1D6D19E80095DED4 /* Base */ = {isa = PBXFileReference; lastKnownFileType = file.storyboard; name = Base; path = Base.lproj/Main.storyboard; sourceTree = "<group>"; };
		AA47DD4E1D6D19E80095DED4 /* Assets.xcassets */ = {isa = PBXFileReference; lastKnownFileType = folder.assetcatalog; path = Assets.xcassets; sourceTree = "<group>"; };
		AA47DD511D6D19E80095DED4 /* Base */ = {isa = PBXFileReference; lastKnownFileType = file.storyboard; name = Base; path = Base.lproj/LaunchScreen.storyboard; sourceTree = "<group>"; };
		AA47DD531D6D19E80095DED4 /* Info.plist */ = {isa = PBXFileReference; lastKnownFileType = text.plist.xml; path = Info.plist; sourceTree = "<group>"; };
		AA47DD581D6D19E80095DED4 /* Silly Song (Swift)Tests.xctest */ = {isa = PBXFileReference; explicitFileType = wrapper.cfbundle; includeInIndex = 0; path = "Silly Song (Swift)Tests.xctest"; sourceTree = BUILT_PRODUCTS_DIR; };
		AA47DD5C1D6D19E80095DED4 /* Silly_Song__Swift_Tests.swift */ = {isa = PBXFileReference; lastKnownFileType = sourcecode.swift; path = Silly_Song__Swift_Tests.swift; sourceTree = "<group>"; };
		AA47DD5E1D6D19E80095DED4 /* Info.plist */ = {isa = PBXFileReference; lastKnownFileType = text.plist.xml; path = Info.plist; sourceTree = "<group>"; };
		AA47DD631D6D19E80095DED4 /* Silly Song (Swift)UITests.xctest */ = {isa = PBXFileReference; explicitFileType = wrapper.cfbundle; includeInIndex = 0; path = "Silly Song (Swift)UITests.xctest"; sourceTree = BUILT_PRODUCTS_DIR; };
		AA47DD671D6D19E80095DED4 /* Silly_Song__Swift_UITests.swift */ = {isa = PBXFileReference; lastKnownFileType = sourcecode.swift; path = Silly_Song__Swift_UITests.swift; sourceTree = "<group>"; };
		AA47DD691D6D19E80095DED4 /* Info.plist */ = {isa = PBXFileReference; lastKnownFileType = text.plist.xml; path = Info.plist; sourceTree = "<group>"; };
/* End PBXFileReference section */

/* Begin PBXFrameworksBuildPhase section */
		AA47DD411D6D19E80095DED4 /* Frameworks */ = {
			isa = PBXFrameworksBuildPhase;
			buildActionMask = 2147483647;
			files = (
			);
			runOnlyForDeploymentPostprocessing = 0;
		};
		AA47DD551D6D19E80095DED4 /* Frameworks */ = {
			isa = PBXFrameworksBuildPhase;
			buildActionMask = 2147483647;
			files = (
			);
			runOnlyForDeploymentPostprocessing = 0;
		};
		AA47DD601D6D19E80095DED4 /* Frameworks */ = {
			isa = PBXFrameworksBuildPhase;
			buildActionMask = 2147483647;
			files = (
			);
			runOnlyForDeploymentPostprocessing = 0;
		};
/* End PBXFrameworksBuildPhase section */

/* Begin PBXGroup section */
		AA47DD3B1D6D19E80095DED4 = {
			isa = PBXGroup;
			children = (
				AA47DD461D6D19E80095DED4 /* Silly Song (Swift) */,
				AA47DD5B1D6D19E80095DED4 /* Silly Song (Swift)Tests */,
				AA47DD661D6D19E80095DED4 /* Silly Song (Swift)UITests */,
				AA47DD451D6D19E80095DED4 /* Products */,
			);
			sourceTree = "<group>";
		};
		AA47DD451D6D19E80095DED4 /* Products */ = {
			isa = PBXGroup;
			children = (
				AA47DD441D6D19E80095DED4 /* Silly Song (Swift).app */,
				AA47DD581D6D19E80095DED4 /* Silly Song (Swift)Tests.xctest */,
				AA47DD631D6D19E80095DED4 /* Silly Song (Swift)UITests.xctest */,
			);
			name = Products;
			sourceTree = "<group>";
		};
		AA47DD461D6D19E80095DED4 /* Silly Song (Swift) */ = {
			isa = PBXGroup;
			children = (
				AA47DD471D6D19E80095DED4 /* AppDelegate.swift */,
				AA47DD491D6D19E80095DED4 /* ViewController.swift */,
				AA47DD4B1D6D19E80095DED4 /* Main.storyboard */,
				AA47DD4E1D6D19E80095DED4 /* Assets.xcassets */,
				AA47DD501D6D19E80095DED4 /* LaunchScreen.storyboard */,
				AA47DD531D6D19E80095DED4 /* Info.plist */,
			);
			path = "Silly Song (Swift)";
			sourceTree = "<group>";
		};
		AA47DD5B1D6D19E80095DED4 /* Silly Song (Swift)Tests */ = {
			isa = PBXGroup;
			children = (
				AA47DD5C1D6D19E80095DED4 /* Silly_Song__Swift_Tests.swift */,
				AA47DD5E1D6D19E80095DED4 /* Info.plist */,
			);
			path = "Silly Song (Swift)Tests";
			sourceTree = "<group>";
		};
		AA47DD661D6D19E80095DED4 /* Silly Song (Swift)UITests */ = {
			isa = PBXGroup;
			children = (
				AA47DD671D6D19E80095DED4 /* Silly_Song__Swift_UITests.swift */,
				AA47DD691D6D19E80095DED4 /* Info.plist */,
			);
			path = "Silly Song (Swift)UITests";
			sourceTree = "<group>";
		};
/* End PBXGroup section */

/* Begin PBXNativeTarget section */
		AA47DD431D6D19E80095DED4 /* Silly Song (Swift) */ = {
			isa = PBXNativeTarget;
			buildConfigurationList = AA47DD6C1D6D19E80095DED4 /* Build configuration list for PBXNativeTarget "Silly Song (Swift)" */;
			buildPhases = (
				AA47DD401D6D19E80095DED4 /* Sources */,
				AA47DD411D6D19E80095DED4 /* Frameworks */,
				AA47DD421D6D19E80095DED4 /* Resources */,
			);
			buildRules = (
			);
			dependencies = (
			);
			name = "Silly Song (Swift)";
			productName = "Silly Song (Swift)";
			productReference = AA47DD441D6D19E80095DED4 /* Silly Song (Swift).app */;
			productType = "com.apple.product-type.application";
		};
		AA47DD571D6D19E80095DED4 /* Silly Song (Swift)Tests */ = {
			isa = PBXNativeTarget;
			buildConfigurationList = AA47DD6F1D6D19E80095DED4 /* Build configuration list for PBXNativeTarget "Silly Song (Swift)Tests" */;
			buildPhases = (
				AA47DD541D6D19E80095DED4 /* Sources */,
				AA47DD551D6D19E80095DED4 /* Frameworks */,
				AA47DD561D6D19E80095DED4 /* Resources */,
			);
			buildRules = (
			);
			dependencies = (
				AA47DD5A1D6D19E80095DED4 /* PBXTargetDependency */,
			);
			name = "Silly Song (Swift)Tests";
			productName = "Silly Song (Swift)Tests";
			productReference = AA47DD581D6D19E80095DED4 /* Silly Song (Swift)Tests.xctest */;
			productType = "com.apple.product-type.bundle.unit-test";
		};
		AA47DD621D6D19E80095DED4 /* Silly Song (Swift)UITests */ = {
			isa = PBXNativeTarget;
			buildConfigurationList = AA47DD721D6D19E80095DED4 /* Build configuration list for PBXNativeTarget "Silly Song (Swift)UITests" */;
			buildPhases = (
				AA47DD5F1D6D19E80095DED4 /* Sources */,
				AA47DD601D6D19E80095DED4 /* Frameworks */,
				AA47DD611D6D19E80095DED4 /* Resources */,
			);
			buildRules = (
			);
			dependencies = (
				AA47DD651D6D19E80095DED4 /* PBXTargetDependency */,
			);
			name = "Silly Song (Swift)UITests";
			productName = "Silly Song (Swift)UITests";
			productReference = AA47DD631D6D19E80095DED4 /* Silly Song (Swift)UITests.xctest */;
			productType = "com.apple.product-type.bundle.ui-testing";
		};
/* End PBXNativeTarget section */

/* Begin PBXProject section */
		AA47DD3C1D6D19E80095DED4 /* Project object */ = {
			isa = PBXProject;
			attributes = {
				LastSwiftUpdateCheck = 0730;
				LastUpgradeCheck = 0730;
				ORGANIZATIONNAME = "翁 旭扬";
				TargetAttributes = {
					AA47DD431D6D19E80095DED4 = {
						CreatedOnToolsVersion = 7.3.1;
						DevelopmentTeam = VU68FJ863U;
					};
					AA47DD571D6D19E80095DED4 = {
						CreatedOnToolsVersion = 7.3.1;
						DevelopmentTeam = VU68FJ863U;
						TestTargetID = AA47DD431D6D19E80095DED4;
					};
					AA47DD621D6D19E80095DED4 = {
						CreatedOnToolsVersion = 7.3.1;
						DevelopmentTeam = VU68FJ863U;
						TestTargetID = AA47DD431D6D19E80095DED4;
					};
				};
			};
			buildConfigurationList = AA47DD3F1D6D19E80095DED4 /* Build configuration list for PBXProject "Silly Song (Swift)" */;
			compatibilityVersion = "Xcode 3.2";
			developmentRegion = English;
			hasScannedForEncodings = 0;
			knownRegions = (
				en,
				Base,
			);
			mainGroup = AA47DD3B1D6D19E80095DED4;
			productRefGroup = AA47DD451D6D19E80095DED4 /* Products */;
			projectDirPath = "";
			projectRoot = "";
			targets = (
				AA47DD431D6D19E80095DED4 /* Silly Song (Swift) */,
				AA47DD571D6D19E80095DED4 /* Silly Song (Swift)Tests */,
				AA47DD621D6D19E80095DED4 /* Silly Song (Swift)UITests */,
			);
		};
/* End PBXProject section */

/* Begin PBXResourcesBuildPhase section */
		AA47DD421D6D19E80095DED4 /* Resources */ = {
			isa = PBXResourcesBuildPhase;
			buildActionMask = 2147483647;
			files = (
				AA47DD521D6D19E80095DED4 /* LaunchScreen.storyboard in Resources */,
				AA47DD4F1D6D19E80095DED4 /* Assets.xcassets in Resources */,
				AA47DD4D1D6D19E80095DED4 /* Main.storyboard in Resources */,
			);
			runOnlyForDeploymentPostprocessing = 0;
		};
		AA47DD561D6D19E80095DED4 /* Resources */ = {
			isa = PBXResourcesBuildPhase;
			buildActionMask = 2147483647;
			files = (
			);
			runOnlyForDeploymentPostprocessing = 0;
		};
		AA47DD611D6D19E80095DED4 /* Resources */ = {
			isa = PBXResourcesBuildPhase;
			buildActionMask = 2147483647;
			files = (
			);
			runOnlyForDeploymentPostprocessing = 0;
		};
/* End PBXResourcesBuildPhase section */

/* Begin PBXSourcesBuildPhase section */
		AA47DD401D6D19E80095DED4 /* Sources */ = {
			isa = PBXSourcesBuildPhase;
			buildActionMask = 2147483647;
			files = (
				AA47DD4A1D6D19E80095DED4 /* ViewController.swift in Sources */,
				AA47DD481D6D19E80095DED4 /* AppDelegate.swift in Sources */,
			);
			runOnlyForDeploymentPostprocessing = 0;
		};
		AA47DD541D6D19E80095DED4 /* Sources */ = {
			isa = PBXSourcesBuildPhase;
			buildActionMask = 2147483647;
			files = (
				AA47DD5D1D6D19E80095DED4 /* Silly_Song__Swift_Tests.swift in Sources */,
			);
			runOnlyForDeploymentPostprocessing = 0;
		};
		AA47DD5F1D6D19E80095DED4 /* Sources */ = {
			isa = PBXSourcesBuildPhase;
			buildActionMask = 2147483647;
			files = (
				AA47DD681D6D19E80095DED4 /* Silly_Song__Swift_UITests.swift in Sources */,
			);
			runOnlyForDeploymentPostprocessing = 0;
		};
/* End PBXSourcesBuildPhase section */

/* Begin PBXTargetDependency section */
		AA47DD5A1D6D19E80095DED4 /* PBXTargetDependency */ = {
			isa = PBXTargetDependency;
			target = AA47DD431D6D19E80095DED4 /* Silly Song (Swift) */;
			targetProxy = AA47DD591D6D19E80095DED4 /* PBXContainerItemProxy */;
		};
		AA47DD651D6D19E80095DED4 /* PBXTargetDependency */ = {
			isa = PBXTargetDependency;
			target = AA47DD431D6D19E80095DED4 /* Silly Song (Swift) */;
			targetProxy = AA47DD641D6D19E80095DED4 /* PBXContainerItemProxy */;
		};
/* End PBXTargetDependency section */

/* Begin PBXVariantGroup section */
		AA47DD4B1D6D19E80095DED4 /* Main.storyboard */ = {
			isa = PBXVariantGroup;
			children = (
				AA47DD4C1D6D19E80095DED4 /* Base */,
			);
			name = Main.storyboard;
			sourceTree = "<group>";
		};
		AA47DD501D6D19E80095DED4 /* LaunchScreen.storyboard */ = {
			isa = PBXVariantGroup;
			children = (
				AA47DD511D6D19E80095DED4 /* Base */,
			);
			name = LaunchScreen.storyboard;
			sourceTree = "<group>";
		};
/* End PBXVariantGroup section */

/* Begin XCBuildConfiguration section */
		AA47DD6A1D6D19E80095DED4 /* Debug */ = {
			isa = XCBuildConfiguration;
			buildSettings = {
				ALWAYS_SEARCH_USER_PATHS = NO;
				CLANG_ANALYZER_NONNULL = YES;
				CLANG_CXX_LANGUAGE_STANDARD = "gnu++0x";
				CLANG_CXX_LIBRARY = "libc++";
				CLANG_ENABLE_MODULES = YES;
				CLANG_ENABLE_OBJC_ARC = YES;
				CLANG_WARN_BOOL_CONVERSION = YES;
				CLANG_WARN_CONSTANT_CONVERSION = YES;
				CLANG_WARN_DIRECT_OBJC_ISA_USAGE = YES_ERROR;
				CLANG_WARN_EMPTY_BODY = YES;
				CLANG_WARN_ENUM_CONVERSION = YES;
				CLANG_WARN_INT_CONVERSION = YES;
				CLANG_WARN_OBJC_ROOT_CLASS = YES_ERROR;
				CLANG_WARN_UNREACHABLE_CODE = YES;
				CLANG_WARN__DUPLICATE_METHOD_MATCH = YES;
				"CODE_SIGN_IDENTITY[sdk=iphoneos*]" = "iPhone Developer";
				COPY_PHASE_STRIP = NO;
				DEBUG_INFORMATION_FORMAT = dwarf;
				ENABLE_STRICT_OBJC_MSGSEND = YES;
				ENABLE_TESTABILITY = YES;
				GCC_C_LANGUAGE_STANDARD = gnu99;
				GCC_DYNAMIC_NO_PIC = NO;
				GCC_NO_COMMON_BLOCKS = YES;
				GCC_OPTIMIZATION_LEVEL = 0;
				GCC_PREPROCESSOR_DEFINITIONS = (
					"DEBUG=1",
					"$(inherited)",
				);
				GCC_WARN_64_TO_32_BIT_CONVERSION = YES;
				GCC_WARN_ABOUT_RETURN_TYPE = YES_ERROR;
				GCC_WARN_UNDECLARED_SELECTOR = YES;
				GCC_WARN_UNINITIALIZED_AUTOS = YES_AGGRESSIVE;
				GCC_WARN_UNUSED_FUNCTION = YES;
				GCC_WARN_UNUSED_VARIABLE = YES;
				IPHONEOS_DEPLOYMENT_TARGET = 9.3;
				MTL_ENABLE_DEBUG_INFO = YES;
				ONLY_ACTIVE_ARCH = YES;
				SDKROOT = iphoneos;
				SWIFT_OPTIMIZATION_LEVEL = "-Onone";
			};
			name = Debug;
		};
		AA47DD6B1D6D19E80095DED4 /* Release */ = {
			isa = XCBuildConfiguration;
			buildSettings = {
				ALWAYS_SEARCH_USER_PATHS = NO;
				CLANG_ANALYZER_NONNULL = YES;
				CLANG_CXX_LANGUAGE_STANDARD = "gnu++0x";
				CLANG_CXX_LIBRARY = "libc++";
				CLANG_ENABLE_MODULES = YES;
				CLANG_ENABLE_OBJC_ARC = YES;
				CLANG_WARN_BOOL_CONVERSION = YES;
				CLANG_WARN_CONSTANT_CONVERSION = YES;
				CLANG_WARN_DIRECT_OBJC_ISA_USAGE = YES_ERROR;
				CLANG_WARN_EMPTY_BODY = YES;
				CLANG_WARN_ENUM_CONVERSION = YES;
				CLANG_WARN_INT_CONVERSION = YES;
				CLANG_WARN_OBJC_ROOT_CLASS = YES_ERROR;
				CLANG_WARN_UNREACHABLE_CODE = YES;
				CLANG_WARN__DUPLICATE_METHOD_MATCH = YES;
				"CODE_SIGN_IDENTITY[sdk=iphoneos*]" = "iPhone Developer";
				COPY_PHASE_STRIP = NO;
				DEBUG_INFORMATION_FORMAT = "dwarf-with-dsym";
				ENABLE_NS_ASSERTIONS = NO;
				ENABLE_STRICT_OBJC_MSGSEND = YES;
				GCC_C_LANGUAGE_STANDARD = gnu99;
				GCC_NO_COMMON_BLOCKS = YES;
				GCC_WARN_64_TO_32_BIT_CONVERSION = YES;
				GCC_WARN_ABOUT_RETURN_TYPE = YES_ERROR;
				GCC_WARN_UNDECLARED_SELECTOR = YES;
				GCC_WARN_UNINITIALIZED_AUTOS = YES_AGGRESSIVE;
				GCC_WARN_UNUSED_FUNCTION = YES;
				GCC_WARN_UNUSED_VARIABLE = YES;
				IPHONEOS_DEPLOYMENT_TARGET = 9.3;
				MTL_ENABLE_DEBUG_INFO = NO;
				SDKROOT = iphoneos;
				VALIDATE_PRODUCT = YES;
			};
			name = Release;
		};
		AA47DD6D1D6D19E80095DED4 /* Debug */ = {
			isa = XCBuildConfiguration;
			buildSettings = {
				ASSETCATALOG_COMPILER_APPICON_NAME = AppIcon;
				CODE_SIGN_IDENTITY = "iPhone Developer";
				"CODE_SIGN_IDENTITY[sdk=iphoneos*]" = "iPhone Developer";
				INFOPLIST_FILE = "Silly Song (Swift)/Info.plist";
				LD_RUNPATH_SEARCH_PATHS = "$(inherited) @executable_path/Frameworks";
				PRODUCT_BUNDLE_IDENTIFIER = "Mr.Weng.Silly-Song--Swift-";
				PRODUCT_NAME = "$(TARGET_NAME)";
				PROVISIONING_PROFILE = "";
			};
			name = Debug;
		};
		AA47DD6E1D6D19E80095DED4 /* Release */ = {
			isa = XCBuildConfiguration;
			buildSettings = {
				ASSETCATALOG_COMPILER_APPICON_NAME = AppIcon;
				CODE_SIGN_IDENTITY = "iPhone Developer";
				"CODE_SIGN_IDENTITY[sdk=iphoneos*]" = "iPhone Developer";
				INFOPLIST_FILE = "Silly Song (Swift)/Info.plist";
				LD_RUNPATH_SEARCH_PATHS = "$(inherited) @executable_path/Frameworks";
				PRODUCT_BUNDLE_IDENTIFIER = "Mr.Weng.Silly-Song--Swift-";
				PRODUCT_NAME = "$(TARGET_NAME)";
				PROVISIONING_PROFILE = "";
			};
			name = Release;
		};
		AA47DD701D6D19E80095DED4 /* Debug */ = {
			isa = XCBuildConfiguration;
			buildSettings = {
				BUNDLE_LOADER = "$(TEST_HOST)";
				INFOPLIST_FILE = "Silly Song (Swift)Tests/Info.plist";
				LD_RUNPATH_SEARCH_PATHS = "$(inherited) @executable_path/Frameworks @loader_path/Frameworks";
				PRODUCT_BUNDLE_IDENTIFIER = "Mr.Weng.Silly-Song--Swift-Tests";
				PRODUCT_NAME = "$(TARGET_NAME)";
				TEST_HOST = "$(BUILT_PRODUCTS_DIR)/Silly Song (Swift).app/Silly Song (Swift)";
			};
			name = Debug;
		};
		AA47DD711D6D19E80095DED4 /* Release */ = {
			isa = XCBuildConfiguration;
			buildSettings = {
				BUNDLE_LOADER = "$(TEST_HOST)";
				INFOPLIST_FILE = "Silly Song (Swift)Tests/Info.plist";
				LD_RUNPATH_SEARCH_PATHS = "$(inherited) @executable_path/Frameworks @loader_path/Frameworks";
				PRODUCT_BUNDLE_IDENTIFIER = "Mr.Weng.Silly-Song--Swift-Tests";
				PRODUCT_NAME = "$(TARGET_NAME)";
				TEST_HOST = "$(BUILT_PRODUCTS_DIR)/Silly Song (Swift).app/Silly Song (Swift)";
			};
			name = Release;
		};
		AA47DD731D6D19E80095DED4 /* Debug */ = {
			isa = XCBuildConfiguration;
			buildSettings = {
				INFOPLIST_FILE = "Silly Song (Swift)UITests/Info.plist";
				LD_RUNPATH_SEARCH_PATHS = "$(inherited) @executable_path/Frameworks @loader_path/Frameworks";
				PRODUCT_BUNDLE_IDENTIFIER = "Mr.Weng.Silly-Song--Swift-UITests";
				PRODUCT_NAME = "$(TARGET_NAME)";
				TEST_TARGET_NAME = "Silly Song (Swift)";
			};
			name = Debug;
		};
		AA47DD741D6D19E80095DED4 /* Release */ = {
			isa = XCBuildConfiguration;
			buildSettings = {
				INFOPLIST_FILE = "Silly Song (Swift)UITests/Info.plist";
				LD_RUNPATH_SEARCH_PATHS = "$(inherited) @executable_path/Frameworks @loader_path/Frameworks";
				PRODUCT_BUNDLE_IDENTIFIER = "Mr.Weng.Silly-Song--Swift-UITests";
				PRODUCT_NAME = "$(TARGET_NAME)";
				TEST_TARGET_NAME = "Silly Song (Swift)";
			};
			name = Release;
		};
/* End XCBuildConfiguration section */

/* Begin XCConfigurationList section */
		AA47DD3F1D6D19E80095DED4 /* Build configuration list for PBXProject "Silly Song (Swift)" */ = {
			isa = XCConfigurationList;
			buildConfigurations = (
				AA47DD6A1D6D19E80095DED4 /* Debug */,
				AA47DD6B1D6D19E80095DED4 /* Release */,
			);
			defaultConfigurationIsVisible = 0;
			defaultConfigurationName = Release;
		};
		AA47DD6C1D6D19E80095DED4 /* Build configuration list for PBXNativeTarget "Silly Song (Swift)" */ = {
			isa = XCConfigurationList;
			buildConfigurations = (
				AA47DD6D1D6D19E80095DED4 /* Debug */,
				AA47DD6E1D6D19E80095DED4 /* Release */,
			);
			defaultConfigurationIsVisible = 0;
		};
		AA47DD6F1D6D19E80095DED4 /* Build configuration list for PBXNativeTarget "Silly Song (Swift)Tests" */ = {
			isa = XCConfigurationList;
			buildConfigurations = (
				AA47DD701D6D19E80095DED4 /* Debug */,
				AA47DD711D6D19E80095DED4 /* Release */,
			);
			defaultConfigurationIsVisible = 0;
		};
		AA47DD721D6D19E80095DED4 /* Build configuration list for PBXNativeTarget "Silly Song (Swift)UITests" */ = {
			isa = XCConfigurationList;
			buildConfigurations = (
				AA47DD731D6D19E80095DED4 /* Debug */,
				AA47DD741D6D19E80095DED4 /* Release */,
			);
			defaultConfigurationIsVisible = 0;
		};
/* End XCConfigurationList section */
	};
	rootObject = AA47DD3C1D6D19E80095DED4 /* Project object */;
}
